
Microsoft Visual Studio Solution File, Format Version 12.00
# Visual Studio 14
VisualStudioVersion = 14.0.25420.1
MinimumVisualStudioVersion = 10.0.40219.1
Project("{2150E333-8FDC-42A3-9474-1A3956D46DE8}") = "src", "src", "{AF23A7DF-C275-4B26-9267-3A434033AEE9}"
EndProject
Project("{2150E333-8FDC-42A3-9474-1A3956D46DE8}") = "Solution Items", "Solution Items", "{D76EEE01-0B2E-4EB0-A12B-6E7D860BA250}"
	ProjectSection(SolutionItems) = preProject
		global.json = global.json
	EndProjectSection
EndProject
Project("{8BB2217D-0F2D-49D1-97BC-3654ED321F3B}") = "ContosoUniversity", "src\ContosoUniversity\ContosoUniversity.xproj", "{8CC8865F-6B30-4A48-9DDD-2E87BC414276}"
EndProject
Global
	GlobalSection(SolutionConfigurationPlatforms) = preSolution
		Debug|Any CPU = Debug|Any CPU
		Release|Any CPU = Release|Any CPU
	EndGlobalSection
	GlobalSection(ProjectConfigurationPlatforms) = postSolution
		{8CC8865F-6B30-4A48-9DDD-2E87BC414276}.Debug|Any CPU.ActiveCfg = Debug|Any CPU
		{8CC8865F-6B30-4A48-9DDD-2E87BC414276}.Debug|Any CPU.Build.0 = Debug|Any CPU
		{8CC8865F-6B30-4A48-9DDD-2E87BC414276}.Release|Any CPU.ActiveCfg = Release|Any CPU
		{8CC8865F-6B30-4A48-9DDD-2E87BC414276}.Release|Any CPU.Build.0 = Release|Any CPU
	EndGlobalSection
	GlobalSection(SolutionProperties) = preSolution
		HideSolutionNode = FALSE
	EndGlobalSection
	GlobalSection(NestedProjects) = preSolution
		{8CC8865F-6B30-4A48-9DDD-2E87BC414276} = {AF23A7DF-C275-4B26-9267-3A434033AEE9}
	EndGlobalSection
	GlobalSection(TeamFoundationVersionControl) = preSolution
		SccNumberOfProjects = 2
		SccEnterpriseProvider = {4CA58AB2-18FA-4F8D-95D4-32DDF27D184C}
		SccTeamFoundationServer = https://woloveprograming.visualstudio.com/
		SccLocalPath0 = .
		SccProjectUniqueName1 = src\\ContosoUniversity\\ContosoUniversity.xproj
		SccProjectTopLevelParentUniqueName1 = ContosoUniversity.sln
		SccProjectName1 = src/ContosoUniversity
		SccLocalPath1 = src\\ContosoUniversity
	EndGlobalSection
EndGlobal
